
Microsoft Visual Studio Solution File, Format Version 12.00
# Visual Studio Version 16
VisualStudioVersion = 16.0.29519.181
MinimumVisualStudioVersion = 10.0.40219.1
Project("{9A19103F-16F7-4668-BE54-9A1E7A4F7556}") = "AutoStep.Web", "src\AutoStep.Web\AutoStep.Web.csproj", "{1C2CEDD2-0432-4BF2-BDA3-65756170BDBD}"
EndProject
Project("{2150E333-8FDC-42A3-9474-1A3956D46DE8}") = "src", "src", "{BC2FBB18-3D8C-44CB-8C50-4F69F50690B3}"
EndProject
Project("{2150E333-8FDC-42A3-9474-1A3956D46DE8}") = "Solution Items", "Solution Items", "{3DE7C993-B1B1-4754-8726-64576106DBCD}"
	ProjectSection(SolutionItems) = preProject
		.editorconfig = .editorconfig
		.gitignore = .gitignore
		InteractionLanguage.md = InteractionLanguage.md
		LICENSE = LICENSE
		NuGet.config = NuGet.config
		README.md = README.md
	EndProjectSection
EndProject
Project("{2150E333-8FDC-42A3-9474-1A3956D46DE8}") = "test", "test", "{C0B75D34-9AB3-4308-AA98-120F0967E297}"
EndProject
Project("{FAE04EC0-301F-11D3-BF4B-00C04F79EFBC}") = "AutoStep.Web.Tests", "test\AutoStep.Web.Tests\AutoStep.Web.Tests.csproj", "{7EA5A45A-D5BB-4F57-AA49-E6BFD63847C3}"
EndProject
Global
	GlobalSection(SolutionConfigurationPlatforms) = preSolution
		Debug|Any CPU = Debug|Any CPU
		Release|Any CPU = Release|Any CPU
	EndGlobalSection
	GlobalSection(ProjectConfigurationPlatforms) = postSolution
		{1C2CEDD2-0432-4BF2-BDA3-65756170BDBD}.Debug|Any CPU.ActiveCfg = Debug|Any CPU
		{1C2CEDD2-0432-4BF2-BDA3-65756170BDBD}.Debug|Any CPU.Build.0 = Debug|Any CPU
		{1C2CEDD2-0432-4BF2-BDA3-65756170BDBD}.Release|Any CPU.ActiveCfg = Release|Any CPU
		{1C2CEDD2-0432-4BF2-BDA3-65756170BDBD}.Release|Any CPU.Build.0 = Release|Any CPU
		{7EA5A45A-D5BB-4F57-AA49-E6BFD63847C3}.Debug|Any CPU.ActiveCfg = Debug|Any CPU
		{7EA5A45A-D5BB-4F57-AA49-E6BFD63847C3}.Debug|Any CPU.Build.0 = Debug|Any CPU
		{7EA5A45A-D5BB-4F57-AA49-E6BFD63847C3}.Release|Any CPU.ActiveCfg = Release|Any CPU
		{7EA5A45A-D5BB-4F57-AA49-E6BFD63847C3}.Release|Any CPU.Build.0 = Release|Any CPU
	EndGlobalSection
	GlobalSection(SolutionProperties) = preSolution
		HideSolutionNode = FALSE
	EndGlobalSection
	GlobalSection(NestedProjects) = preSolution
		{1C2CEDD2-0432-4BF2-BDA3-65756170BDBD} = {BC2FBB18-3D8C-44CB-8C50-4F69F50690B3}
		{7EA5A45A-D5BB-4F57-AA49-E6BFD63847C3} = {C0B75D34-9AB3-4308-AA98-120F0967E297}
	EndGlobalSection
	GlobalSection(ExtensibilityGlobals) = postSolution
		SolutionGuid = {FB9FC4AB-708A-4B3D-880B-EA416E1F2DE9}
	EndGlobalSection
EndGlobal
